
Microsoft Visual Studio Solution File, Format Version 12.00
# Visual Studio Version 16
VisualStudioVersion = 16.0.31829.152
MinimumVisualStudioVersion = 10.0.40219.1
Project("{FAE04EC0-301F-11D3-BF4B-00C04F79EFBC}") = "WS", "WS\WS.csproj", "{C6F613C6-A2D1-4FDA-93C9-30FB4E5CCD39}"
EndProject
Global
	GlobalSection(SolutionConfigurationPlatforms) = preSolution
		Debug|Any CPU = Debug|Any CPU
		Release|Any CPU = Release|Any CPU
	EndGlobalSection
	GlobalSection(ProjectConfigurationPlatforms) = postSolution
		{C6F613C6-A2D1-4FDA-93C9-30FB4E5CCD39}.Debug|Any CPU.ActiveCfg = Debug|Any CPU
		{C6F613C6-A2D1-4FDA-93C9-30FB4E5CCD39}.Debug|Any CPU.Build.0 = Debug|Any CPU
		{C6F613C6-A2D1-4FDA-93C9-30FB4E5CCD39}.Release|Any CPU.ActiveCfg = Release|Any CPU
		{C6F613C6-A2D1-4FDA-93C9-30FB4E5CCD39}.Release|Any CPU.Build.0 = Release|Any CPU
	EndGlobalSection
	GlobalSection(SolutionProperties) = preSolution
		HideSolutionNode = FALSE
	EndGlobalSection
	GlobalSection(ExtensibilityGlobals) = postSolution
		SolutionGuid = {628A7CCD-36BF-459A-918C-ED420F2355DD}
	EndGlobalSection
EndGlobal
